# This file is automatically @generated by Poetry 1.8.2 and should not be changed by hand.

[[package]]
name = "attr"
version = "0.3.2"
description = "Simple decorator to set attributes of target function or class in a DRY way."
optional = false
python-versions = "*"
files = [
    {file = "attr-0.3.2-py2.py3-none-any.whl", hash = "sha256:4f4bffeea8c27387bde446675a7ac24f3b8fea1075f12d849b5f5c5181fc8336"},
    {file = "attr-0.3.2.tar.gz", hash = "sha256:1ceebca768181cdcce9827611b1d728e592be5d293911539ea3d0b0bfa1146f4"},
]

[[package]]
name = "attrs"
version = "24.2.0"
description = "Classes Without Boilerplate"
optional = false
python-versions = ">=3.7"
files = [
    {file = "attrs-24.2.0-py3-none-any.whl", hash = "sha256:81921eb96de3191c8258c199618104dd27ac608d9366f5e35d011eae1867ede2"},
    {file = "attrs-24.2.0.tar.gz", hash = "sha256:5cfb1b9148b5b086569baec03f20d7b6bf3bcacc9a42bebf87ffaaca362f6346"},
]

[package.extras]
benchmark = ["cloudpickle", "hypothesis", "mypy (>=1.11.1)", "pympler", "pytest (>=4.3.0)", "pytest-codspeed", "pytest-mypy-plugins", "pytest-xdist[psutil]"]
cov = ["cloudpickle", "coverage[toml] (>=5.3)", "hypothesis", "mypy (>=1.11.1)", "pympler", "pytest (>=4.3.0)", "pytest-mypy-plugins", "pytest-xdist[psutil]"]
dev = ["cloudpickle", "hypothesis", "mypy (>=1.11.1)", "pre-commit", "pympler", "pytest (>=4.3.0)", "pytest-mypy-plugins", "pytest-xdist[psutil]"]
docs = ["cogapp", "furo", "myst-parser", "sphinx", "sphinx-notfound-page", "sphinxcontrib-towncrier", "towncrier (<24.7)"]
tests = ["cloudpickle", "hypothesis", "mypy (>=1.11.1)", "pympler", "pytest (>=4.3.0)", "pytest-mypy-plugins", "pytest-xdist[psutil]"]
tests-mypy = ["mypy (>=1.11.1)", "pytest-mypy-plugins"]

[[package]]
name = "black"
version = "24.8.0"
description = "The uncompromising code formatter."
optional = false
python-versions = ">=3.8"
files = [
    {file = "black-24.8.0-cp310-cp310-macosx_10_9_x86_64.whl", hash = "sha256:09cdeb74d494ec023ded657f7092ba518e8cf78fa8386155e4a03fdcc44679e6"},
    {file = "black-24.8.0-cp310-cp310-macosx_11_0_arm64.whl", hash = "sha256:81c6742da39f33b08e791da38410f32e27d632260e599df7245cccee2064afeb"},
    {file = "black-24.8.0-cp310-cp310-manylinux_2_17_x86_64.manylinux2014_x86_64.manylinux_2_28_x86_64.whl", hash = "sha256:707a1ca89221bc8a1a64fb5e15ef39cd755633daa672a9db7498d1c19de66a42"},
    {file = "black-24.8.0-cp310-cp310-win_amd64.whl", hash = "sha256:d6417535d99c37cee4091a2f24eb2b6d5ec42b144d50f1f2e436d9fe1916fe1a"},
    {file = "black-24.8.0-cp311-cp311-macosx_10_9_x86_64.whl", hash = "sha256:fb6e2c0b86bbd43dee042e48059c9ad7830abd5c94b0bc518c0eeec57c3eddc1"},
    {file = "black-24.8.0-cp311-cp311-macosx_11_0_arm64.whl", hash = "sha256:837fd281f1908d0076844bc2b801ad2d369c78c45cf800cad7b61686051041af"},
    {file = "black-24.8.0-cp311-cp311-manylinux_2_17_x86_64.manylinux2014_x86_64.manylinux_2_28_x86_64.whl", hash = "sha256:62e8730977f0b77998029da7971fa896ceefa2c4c4933fcd593fa599ecbf97a4"},
    {file = "black-24.8.0-cp311-cp311-win_amd64.whl", hash = "sha256:72901b4913cbac8972ad911dc4098d5753704d1f3c56e44ae8dce99eecb0e3af"},
    {file = "black-24.8.0-cp312-cp312-macosx_10_9_x86_64.whl", hash = "sha256:7c046c1d1eeb7aea9335da62472481d3bbf3fd986e093cffd35f4385c94ae368"},
    {file = "black-24.8.0-cp312-cp312-macosx_11_0_arm64.whl", hash = "sha256:649f6d84ccbae73ab767e206772cc2d7a393a001070a4c814a546afd0d423aed"},
    {file = "black-24.8.0-cp312-cp312-manylinux_2_17_x86_64.manylinux2014_x86_64.manylinux_2_28_x86_64.whl", hash = "sha256:2b59b250fdba5f9a9cd9d0ece6e6d993d91ce877d121d161e4698af3eb9c1018"},
    {file = "black-24.8.0-cp312-cp312-win_amd64.whl", hash = "sha256:6e55d30d44bed36593c3163b9bc63bf58b3b30e4611e4d88a0c3c239930ed5b2"},
    {file = "black-24.8.0-cp38-cp38-macosx_10_9_x86_64.whl", hash = "sha256:505289f17ceda596658ae81b61ebbe2d9b25aa78067035184ed0a9d855d18afd"},
    {file = "black-24.8.0-cp38-cp38-macosx_11_0_arm64.whl", hash = "sha256:b19c9ad992c7883ad84c9b22aaa73562a16b819c1d8db7a1a1a49fb7ec13c7d2"},
    {file = "black-24.8.0-cp38-cp38-manylinux_2_17_x86_64.manylinux2014_x86_64.manylinux_2_28_x86_64.whl", hash = "sha256:1f13f7f386f86f8121d76599114bb8c17b69d962137fc70efe56137727c7047e"},
    {file = "black-24.8.0-cp38-cp38-win_amd64.whl", hash = "sha256:f490dbd59680d809ca31efdae20e634f3fae27fba3ce0ba3208333b713bc3920"},
    {file = "black-24.8.0-cp39-cp39-macosx_10_9_x86_64.whl", hash = "sha256:eab4dd44ce80dea27dc69db40dab62d4ca96112f87996bca68cd75639aeb2e4c"},
    {file = "black-24.8.0-cp39-cp39-macosx_11_0_arm64.whl", hash = "sha256:3c4285573d4897a7610054af5a890bde7c65cb466040c5f0c8b732812d7f0e5e"},
    {file = "black-24.8.0-cp39-cp39-manylinux_2_17_x86_64.manylinux2014_x86_64.manylinux_2_28_x86_64.whl", hash = "sha256:9e84e33b37be070ba135176c123ae52a51f82306def9f7d063ee302ecab2cf47"},
    {file = "black-24.8.0-cp39-cp39-win_amd64.whl", hash = "sha256:73bbf84ed136e45d451a260c6b73ed674652f90a2b3211d6a35e78054563a9bb"},
    {file = "black-24.8.0-py3-none-any.whl", hash = "sha256:972085c618ee94f402da1af548a4f218c754ea7e5dc70acb168bfaca4c2542ed"},
    {file = "black-24.8.0.tar.gz", hash = "sha256:2500945420b6784c38b9ee885af039f5e7471ef284ab03fa35ecdde4688cd83f"},
]

[package.dependencies]
click = ">=8.0.0"
mypy-extensions = ">=0.4.3"
packaging = ">=22.0"
pathspec = ">=0.9.0"
platformdirs = ">=2"

[package.extras]
colorama = ["colorama (>=0.4.3)"]
d = ["aiohttp (>=3.7.4)", "aiohttp (>=3.7.4,!=3.9.0)"]
jupyter = ["ipython (>=7.8.0)", "tokenize-rt (>=3.2.0)"]
uvloop = ["uvloop (>=0.15.2)"]

[[package]]
name = "cattrs"
version = "24.1.1"
description = "Composable complex class support for attrs and dataclasses."
optional = false
python-versions = ">=3.8"
files = [
    {file = "cattrs-24.1.1-py3-none-any.whl", hash = "sha256:ec8ce8fdc725de9d07547cd616f968670687c6fa7a2e263b088370c46d834d97"},
    {file = "cattrs-24.1.1.tar.gz", hash = "sha256:16e94a13f9aaf6438bd5be5df521e072b1b00481b4cf807bcb1acbd49f814c08"},
]

[package.dependencies]
attrs = ">=23.1.0"

[package.extras]
bson = ["pymongo (>=4.4.0)"]
cbor2 = ["cbor2 (>=5.4.6)"]
msgpack = ["msgpack (>=1.0.5)"]
msgspec = ["msgspec (>=0.18.5)"]
orjson = ["orjson (>=3.9.2)"]
pyyaml = ["pyyaml (>=6.0)"]
tomlkit = ["tomlkit (>=0.11.8)"]
ujson = ["ujson (>=5.7.0)"]

[[package]]
name = "click"
version = "8.1.7"
description = "Composable command line interface toolkit"
optional = false
python-versions = ">=3.7"
files = [
    {file = "click-8.1.7-py3-none-any.whl", hash = "sha256:ae74fb96c20a0277a1d615f1e4d73c8414f5a98db8b799a7931d1582f3390c28"},
    {file = "click-8.1.7.tar.gz", hash = "sha256:ca9853ad459e787e2192211578cc907e7594e294c7ccc834310722b41b9ca6de"},
]

[package.dependencies]
colorama = {version = "*", markers = "platform_system == \"Windows\""}

[[package]]
name = "colorama"
version = "0.4.6"
description = "Cross-platform colored terminal text."
optional = false
python-versions = "!=3.0.*,!=3.1.*,!=3.2.*,!=3.3.*,!=3.4.*,!=3.5.*,!=3.6.*,>=2.7"
files = [
    {file = "colorama-0.4.6-py2.py3-none-any.whl", hash = "sha256:4f1d9991f5acc0ca119f9d443620b77f9d6b33703e51011c16baf57afb285fc6"},
    {file = "colorama-0.4.6.tar.gz", hash = "sha256:08695f5cb7ed6e0531a20572697297273c47b8cae5a63ffc6d6ed5c201be6e44"},
]

[[package]]
name = "diskcache"
version = "5.6.3"
description = "Disk Cache -- Disk and file backed persistent cache."
optional = false
python-versions = ">=3"
files = [
    {file = "diskcache-5.6.3-py3-none-any.whl", hash = "sha256:5e31b2d5fbad117cc363ebaf6b689474db18a1f6438bc82358b024abd4c2ca19"},
    {file = "diskcache-5.6.3.tar.gz", hash = "sha256:2c3a3fa2743d8535d832ec61c2054a1641f41775aa7c556758a109941e33e4fc"},
]

[[package]]
name = "iniconfig"
version = "2.0.0"
description = "brain-dead simple config-ini parsing"
optional = false
python-versions = ">=3.7"
files = [
    {file = "iniconfig-2.0.0-py3-none-any.whl", hash = "sha256:b6a85871a79d2e3b22d2d1b94ac2824226a63c6b741c88f7ae975f18b6778374"},
    {file = "iniconfig-2.0.0.tar.gz", hash = "sha256:2d91e135bf72d31a410b17c16da610a82cb55f6b0477d1a902134b24a455b8b3"},
]

[[package]]
name = "isort"
version = "5.13.2"
description = "A Python utility / library to sort Python imports."
optional = false
python-versions = ">=3.8.0"
files = [
    {file = "isort-5.13.2-py3-none-any.whl", hash = "sha256:8ca5e72a8d85860d5a3fa69b8745237f2939afe12dbf656afbcb47fe72d947a6"},
    {file = "isort-5.13.2.tar.gz", hash = "sha256:48fdfcb9face5d58a4f6dde2e72a1fb8dcaf8ab26f95ab49fab84c2ddefb0109"},
]

[package.extras]
colors = ["colorama (>=0.4.6)"]

[[package]]
name = "loguru"
version = "0.7.2"
description = "Python logging made (stupidly) simple"
optional = false
python-versions = ">=3.5"
files = [
    {file = "loguru-0.7.2-py3-none-any.whl", hash = "sha256:003d71e3d3ed35f0f8984898359d65b79e5b21943f78af86aa5491210429b8eb"},
    {file = "loguru-0.7.2.tar.gz", hash = "sha256:e671a53522515f34fd406340ee968cb9ecafbc4b36c679da03c18fd8d0bd51ac"},
]

[package.dependencies]
colorama = {version = ">=0.3.4", markers = "sys_platform == \"win32\""}
win32-setctime = {version = ">=1.0.0", markers = "sys_platform == \"win32\""}

[package.extras]
dev = ["Sphinx (==7.2.5)", "colorama (==0.4.5)", "colorama (==0.4.6)", "exceptiongroup (==1.1.3)", "freezegun (==1.1.0)", "freezegun (==1.2.2)", "mypy (==v0.910)", "mypy (==v0.971)", "mypy (==v1.4.1)", "mypy (==v1.5.1)", "pre-commit (==3.4.0)", "pytest (==6.1.2)", "pytest (==7.4.0)", "pytest-cov (==2.12.1)", "pytest-cov (==4.1.0)", "pytest-mypy-plugins (==1.9.3)", "pytest-mypy-plugins (==3.0.0)", "sphinx-autobuild (==2021.3.14)", "sphinx-rtd-theme (==1.3.0)", "tox (==3.27.1)", "tox (==4.11.0)"]

[[package]]
name = "mypy-extensions"
version = "1.0.0"
description = "Type system extensions for programs checked with the mypy type checker."
optional = false
python-versions = ">=3.5"
files = [
    {file = "mypy_extensions-1.0.0-py3-none-any.whl", hash = "sha256:4392f6c0eb8a5668a69e23d168ffa70f0be9ccfd32b5cc2d26a34ae5b844552d"},
    {file = "mypy_extensions-1.0.0.tar.gz", hash = "sha256:75dbf8955dc00442a438fc4d0666508a9a97b6bd41aa2f0ffe9d2f2725af0782"},
]

[[package]]
name = "mysqlclient"
version = "2.2.4"
description = "Python interface to MySQL"
optional = false
python-versions = ">=3.8"
files = [
    {file = "mysqlclient-2.2.4-cp310-cp310-win_amd64.whl", hash = "sha256:ac44777eab0a66c14cb0d38965572f762e193ec2e5c0723bcd11319cc5b693c5"},
    {file = "mysqlclient-2.2.4-cp311-cp311-win_amd64.whl", hash = "sha256:329e4eec086a2336fe3541f1ce095d87a6f169d1cc8ba7b04ac68bcb234c9711"},
    {file = "mysqlclient-2.2.4-cp312-cp312-win_amd64.whl", hash = "sha256:e1ebe3f41d152d7cb7c265349fdb7f1eca86ccb0ca24a90036cde48e00ceb2ab"},
    {file = "mysqlclient-2.2.4-cp38-cp38-win_amd64.whl", hash = "sha256:3c318755e06df599338dad7625f884b8a71fcf322a9939ef78c9b3db93e1de7a"},
    {file = "mysqlclient-2.2.4-cp39-cp39-win_amd64.whl", hash = "sha256:9d4c015480c4a6b2b1602eccd9846103fc70606244788d04aa14b31c4bd1f0e2"},
    {file = "mysqlclient-2.2.4-pp310-pypy310_pp73-win_amd64.whl", hash = "sha256:d43987bb9626096a302ca6ddcdd81feaeca65ced1d5fe892a6a66b808326aa54"},
    {file = "mysqlclient-2.2.4-pp38-pypy38_pp73-win_amd64.whl", hash = "sha256:4e80dcad884dd6e14949ac6daf769123223a52a6805345608bf49cdaf7bc8b3a"},
    {file = "mysqlclient-2.2.4-pp39-pypy39_pp73-win_amd64.whl", hash = "sha256:9d3310295cb682232cadc28abd172f406c718b9ada41d2371259098ae37779d3"},
    {file = "mysqlclient-2.2.4.tar.gz", hash = "sha256:33bc9fb3464e7d7c10b1eaf7336c5ff8f2a3d3b88bab432116ad2490beb3bf41"},
]

[[package]]
name = "nodeenv"
version = "1.9.1"
description = "Node.js virtual environment builder"
optional = false
python-versions = "!=3.0.*,!=3.1.*,!=3.2.*,!=3.3.*,!=3.4.*,!=3.5.*,!=3.6.*,>=2.7"
files = [
    {file = "nodeenv-1.9.1-py2.py3-none-any.whl", hash = "sha256:ba11c9782d29c27c70ffbdda2d7415098754709be8a7056d79a737cd901155c9"},
    {file = "nodeenv-1.9.1.tar.gz", hash = "sha256:6ec12890a2dab7946721edbfbcd91f3319c6ccc9aec47be7c7e6b7011ee6645f"},
]

[[package]]
name = "packaging"
version = "24.1"
description = "Core utilities for Python packages"
optional = false
python-versions = ">=3.8"
files = [
    {file = "packaging-24.1-py3-none-any.whl", hash = "sha256:5b8f2217dbdbd2f7f384c41c628544e6d52f2d0f53c6d0c3ea61aa5d1d7ff124"},
    {file = "packaging-24.1.tar.gz", hash = "sha256:026ed72c8ed3fcce5bf8950572258698927fd1dbda10a5e981cdf0ac37f4f002"},
]

[[package]]
name = "pathspec"
version = "0.12.1"
description = "Utility library for gitignore style pattern matching of file paths."
optional = false
python-versions = ">=3.8"
files = [
    {file = "pathspec-0.12.1-py3-none-any.whl", hash = "sha256:a0d503e138a4c123b27490a4f7beda6a01c6f288df0e4a8b79c7eb0dc7b4cc08"},
    {file = "pathspec-0.12.1.tar.gz", hash = "sha256:a482d51503a1ab33b1c67a6c3813a26953dbdc71c31dacaef9a838c4e29f5712"},
]

[[package]]
name = "platformdirs"
version = "4.3.2"
description = "A small Python package for determining appropriate platform-specific dirs, e.g. a `user data dir`."
optional = false
python-versions = ">=3.8"
files = [
    {file = "platformdirs-4.3.2-py3-none-any.whl", hash = "sha256:eb1c8582560b34ed4ba105009a4badf7f6f85768b30126f351328507b2beb617"},
    {file = "platformdirs-4.3.2.tar.gz", hash = "sha256:9e5e27a08aa095dd127b9f2e764d74254f482fef22b0970773bfba79d091ab8c"},
]

[package.extras]
docs = ["furo (>=2024.8.6)", "proselint (>=0.14)", "sphinx (>=8.0.2)", "sphinx-autodoc-typehints (>=2.4)"]
test = ["appdirs (==1.4.4)", "covdefaults (>=2.3)", "pytest (>=8.3.2)", "pytest-cov (>=5)", "pytest-mock (>=3.14)"]
type = ["mypy (>=1.11.2)"]

[[package]]
name = "pluggy"
version = "1.5.0"
description = "plugin and hook calling mechanisms for python"
optional = false
python-versions = ">=3.8"
files = [
    {file = "pluggy-1.5.0-py3-none-any.whl", hash = "sha256:44e1ad92c8ca002de6377e165f3e0f1be63266ab4d554740532335b9d75ea669"},
    {file = "pluggy-1.5.0.tar.gz", hash = "sha256:2cffa88e94fdc978c4c574f15f9e59b7f4201d439195c3715ca9e2486f1d0cf1"},
]

[package.extras]
dev = ["pre-commit", "tox"]
testing = ["pytest", "pytest-benchmark"]

[[package]]
name = "pyinstrument"
version = "4.7.3"
description = "Call stack profiler for Python. Shows you why your code is slow!"
optional = false
python-versions = ">=3.8"
files = [
    {file = "pyinstrument-4.7.3-cp310-cp310-macosx_10_9_universal2.whl", hash = "sha256:6a79912f8a096ccad1b88a527719563f6b2b5dc94057873c2ca840dc6378cfee"},
    {file = "pyinstrument-4.7.3-cp310-cp310-macosx_10_9_x86_64.whl", hash = "sha256:089f7afb326ee937656ee1767813dc793ad20b3d353d081e16255b63830a4787"},
    {file = "pyinstrument-4.7.3-cp310-cp310-manylinux_2_17_aarch64.manylinux2014_aarch64.whl", hash = "sha256:f65107079f68dcaeb58ee032d98075ab7ac49be419c60673406043e0675393b4"},
    {file = "pyinstrument-4.7.3-cp310-cp310-manylinux_2_17_i686.manylinux2014_i686.whl", hash = "sha256:9402e339d802a7f5b1ad716b8411ab98f45e51c4b261e662b8a470c251af0acc"},
    {file = "pyinstrument-4.7.3-cp310-cp310-manylinux_2_17_x86_64.manylinux2014_x86_64.whl", hash = "sha256:8d1f4e0155f563f66e821210c225af8b64a2283c0feff776c49feba623e7bafd"},
    {file = "pyinstrument-4.7.3-cp310-cp310-musllinux_1_2_aarch64.whl", hash = "sha256:c619f3064dae5284b904c4862b35639c35ecd439bb5b4152924f7ccb69edc5e3"},
    {file = "pyinstrument-4.7.3-cp310-cp310-musllinux_1_2_i686.whl", hash = "sha256:9b4d80deaf76cc171b3b707e2babc9a7046610c4e11022167949e60fc2dc62be"},
    {file = "pyinstrument-4.7.3-cp310-cp310-musllinux_1_2_x86_64.whl", hash = "sha256:c5fbe9d24154a118a4b86bed5ae228c3d8698216fad65257aca97e790527197a"},
    {file = "pyinstrument-4.7.3-cp310-cp310-win32.whl", hash = "sha256:7405aec2227ed87dc3bc3a8eb82b5dcdec68861d564ee0d429f9a51ca30ccd58"},
    {file = "pyinstrument-4.7.3-cp310-cp310-win_amd64.whl", hash = "sha256:8043b9c1fb0c19a2957098930c3bad43ecdc1cf8e1d3f32a3b9ef74fdd3df028"},
    {file = "pyinstrument-4.7.3-cp311-cp311-macosx_10_9_universal2.whl", hash = "sha256:77594adf4713bc3e430e300561a2d837213cf9015414c0e0de6aef0cb9cebd80"},
    {file = "pyinstrument-4.7.3-cp311-cp311-macosx_10_9_x86_64.whl", hash = "sha256:70afa765c06e4f7605033b85ef82ed946ec8e6ae1835e25f6cbb01205a624197"},
    {file = "pyinstrument-4.7.3-cp311-cp311-manylinux_2_17_aarch64.manylinux2014_aarch64.whl", hash = "sha256:7b1321514863be18138a6d761696b3f6e8645390dd2f6c8a6d66a453f0d5187c"},
    {file = "pyinstrument-4.7.3-cp311-cp311-manylinux_2_17_i686.manylinux2014_i686.whl", hash = "sha256:de40b44ff2fe78493b944b679cc084e72b2648c37a96fcfbccb9171a4449e509"},
    {file = "pyinstrument-4.7.3-cp311-cp311-manylinux_2_17_x86_64.manylinux2014_x86_64.whl", hash = "sha256:2a7c481daec4bd77a3dbfbe01a0155e03352dd700f3c3efe4bdbc30821b20e19"},
    {file = "pyinstrument-4.7.3-cp311-cp311-musllinux_1_2_aarch64.whl", hash = "sha256:ae2c966c91da630a23dbff5f7e61ad2eee133cfaf1e4acf7e09fcf506cbb6251"},
    {file = "pyinstrument-4.7.3-cp311-cp311-musllinux_1_2_i686.whl", hash = "sha256:fa2715e3ac3ce2f4b9c4e468a9a4faf43ca645beea002cb47533902576f4f64d"},
    {file = "pyinstrument-4.7.3-cp311-cp311-musllinux_1_2_x86_64.whl", hash = "sha256:61db15f8b59a3a1964041a8df260667fb5dabddd928301e3580cf93d7a05e352"},
    {file = "pyinstrument-4.7.3-cp311-cp311-win32.whl", hash = "sha256:4766bbb2b451460432c97baf00bbda56653429671e8daec344d343f21fb05b8f"},
    {file = "pyinstrument-4.7.3-cp311-cp311-win_amd64.whl", hash = "sha256:b2d2a0e401db6800f63de0539415cdff46b138914d771a46db0b3f673f9827e7"},
    {file = "pyinstrument-4.7.3-cp312-cp312-macosx_10_9_universal2.whl", hash = "sha256:7c29f7a23e0f704f5f21aeeb47193460601e7359d09156ea043395870494b39a"},
    {file = "pyinstrument-4.7.3-cp312-cp312-macosx_10_9_x86_64.whl", hash = "sha256:84ceb25f24ceb03dc770b6c142ec4419506d3a04d66d778810cb8da76df25651"},
    {file = "pyinstrument-4.7.3-cp312-cp312-manylinux_2_17_aarch64.manylinux2014_aarch64.whl", hash = "sha256:d564d6f6151d3cab28430092cdcbd4aefe0834551af4b4f97e6e57025a348557"},
    {file = "pyinstrument-4.7.3-cp312-cp312-manylinux_2_17_i686.manylinux2014_i686.whl", hash = "sha256:7e23ce5fcc30346e576b98ca24bd2a9a68cbc42b90cdb0d8f376fa82cee2fe23"},
    {file = "pyinstrument-4.7.3-cp312-cp312-manylinux_2_17_x86_64.manylinux2014_x86_64.whl", hash = "sha256:e23d5ad174d2a488c164abee4407f3f3a6e6d5721ab1fab9e0ad9570631704c2"},
    {file = "pyinstrument-4.7.3-cp312-cp312-musllinux_1_2_aarch64.whl", hash = "sha256:d87749f68b9cc221628aab989a4a73b16030c27c714ecd83892d716f863d9739"},
    {file = "pyinstrument-4.7.3-cp312-cp312-musllinux_1_2_i686.whl", hash = "sha256:897d09c876f18b713498be21430b39428a9254ffec0c6c06796fce0e6a8fe437"},
    {file = "pyinstrument-4.7.3-cp312-cp312-musllinux_1_2_x86_64.whl", hash = "sha256:2092910e745cfd0a62dadf041afb38239195244871ee127b1028e7e790602e6b"},
    {file = "pyinstrument-4.7.3-cp312-cp312-win32.whl", hash = "sha256:e9824e11290f6f2772c257cc0bd07f59405759287db6ebcbb06f962a3eba68fb"},
    {file = "pyinstrument-4.7.3-cp312-cp312-win_amd64.whl", hash = "sha256:cf1e67b37e936f647ce731fff5d2f54e102813274d350671dc5961ec8b46b3ff"},
    {file = "pyinstrument-4.7.3-cp313-cp313-macosx_10_13_universal2.whl", hash = "sha256:6de792dc65dcc75e73b721f4e89aa60a4d2f8617e5a5da060244058018ad0399"},
    {file = "pyinstrument-4.7.3-cp313-cp313-macosx_10_13_x86_64.whl", hash = "sha256:73da379506a09cdff2fdd23a0b3eb8f020f473d019f604538e0e5045613e33d4"},
    {file = "pyinstrument-4.7.3-cp313-cp313-manylinux_2_17_aarch64.manylinux2014_aarch64.whl", hash = "sha256:21e05f53810a6ff5fa261da838935fd1b2ab2bf30a7c053f6c72bcaaa6de0933"},
    {file = "pyinstrument-4.7.3-cp313-cp313-manylinux_2_17_i686.manylinux2014_i686.whl", hash = "sha256:d648596ea04409ca3ca260029041ed7fa046b776205bf9a0b75cda0a4f4d2515"},
    {file = "pyinstrument-4.7.3-cp313-cp313-manylinux_2_17_x86_64.manylinux2014_x86_64.whl", hash = "sha256:3d98997347047a217ef6b844273d3753e543e0984f2220e9dd284cbef6054c2a"},
    {file = "pyinstrument-4.7.3-cp313-cp313-musllinux_1_2_aarch64.whl", hash = "sha256:7f09ebad95af94f5427c20005fc7ba84a0a3deae6324434d7ec3be99d369bf37"},
    {file = "pyinstrument-4.7.3-cp313-cp313-musllinux_1_2_i686.whl", hash = "sha256:8a66aee3d2cf0cc6b8e57cb189fd9fb16d13b8d538419999596ce4f58b5d4a9a"},
    {file = "pyinstrument-4.7.3-cp313-cp313-musllinux_1_2_x86_64.whl", hash = "sha256:eaa45270af0b9d86f1cef705520e9b43f4a1cd18397083f8a594a28f898d078b"},
    {file = "pyinstrument-4.7.3-cp313-cp313-win32.whl", hash = "sha256:6e85b34a9b8ed4df4deaa0afe63bc765ea29003eb5b9b3bc0323f7ad7f7cd0fd"},
    {file = "pyinstrument-4.7.3-cp313-cp313-win_amd64.whl", hash = "sha256:6002ea1018d6d6f9b6f1c66b3e14805213573bd69f79b2e7ad2c507441b3e73e"},
    {file = "pyinstrument-4.7.3-cp38-cp38-macosx_10_9_universal2.whl", hash = "sha256:b68c5b97690604741bb1f028ec75d2a6298500f415590ae92a766f71b82fc72a"},
    {file = "pyinstrument-4.7.3-cp38-cp38-macosx_10_9_x86_64.whl", hash = "sha256:df9ba133f5a771dd30df1d3b868af75bdb7f12c9ebd5ddd463d09aa6334d96ef"},
    {file = "pyinstrument-4.7.3-cp38-cp38-manylinux_2_17_aarch64.manylinux2014_aarch64.whl", hash = "sha256:bfad987207c89b51f80be71f5362cead4ccd62b9f407248b87e91863bba70e4d"},
    {file = "pyinstrument-4.7.3-cp38-cp38-manylinux_2_17_i686.manylinux2014_i686.whl", hash = "sha256:65fd559498902d1560d728238eea53d8dd54cb8f697b816cacce5524f09d8757"},
    {file = "pyinstrument-4.7.3-cp38-cp38-manylinux_2_17_x86_64.manylinux2014_x86_64.whl", hash = "sha256:470a4f6de1a1edf7debe87917b5d12f94fe59975a8a0e91c22ad789b55720073"},
    {file = "pyinstrument-4.7.3-cp38-cp38-musllinux_1_2_aarch64.whl", hash = "sha256:f29ed5778b83bf40bd808f120cd2ea11ef94acd2aa5b64398e6d56958b88ab26"},
    {file = "pyinstrument-4.7.3-cp38-cp38-musllinux_1_2_i686.whl", hash = "sha256:6d642d8c69091fd49286136b7d958f8dbac969a3f6259c7c6d78e8ff207d235e"},
    {file = "pyinstrument-4.7.3-cp38-cp38-musllinux_1_2_x86_64.whl", hash = "sha256:346bc584c542c4c77ca46e8f55eb2d3265ee992839e06d535a22ca65c5b9e767"},
    {file = "pyinstrument-4.7.3-cp38-cp38-win32.whl", hash = "sha256:66af331f9da06df36afbdbd2b7128ae725bb444f24584d2ed1f4c67d1b2759b8"},
    {file = "pyinstrument-4.7.3-cp38-cp38-win_amd64.whl", hash = "sha256:57992c5f73fad7b560e27f864ff9824c6ccc834d48bbeaf4cecf66193cfe28c6"},
    {file = "pyinstrument-4.7.3-cp39-cp39-macosx_10_9_universal2.whl", hash = "sha256:8b944c939c49af88cec1e20e9c28eec80c478fc2fd53b23ed58702bcb5bcbcf9"},
    {file = "pyinstrument-4.7.3-cp39-cp39-macosx_10_9_x86_64.whl", hash = "sha256:edd85ee9c6aa5be0bf78d48ad2eb5e02fdab1a646875d90fa09cbc61f4c91a01"},
    {file = "pyinstrument-4.7.3-cp39-cp39-manylinux_2_17_aarch64.manylinux2014_aarch64.whl", hash = "sha256:0e381fc56ba4a77cb45d82eb69689d900a5ee7205a5eb90131234b21ae7a1991"},
    {file = "pyinstrument-4.7.3-cp39-cp39-manylinux_2_17_i686.manylinux2014_i686.whl", hash = "sha256:98e1b7695c234786e82500394ef50f205713f8702a31aec84fdd0687e0ab8405"},
    {file = "pyinstrument-4.7.3-cp39-cp39-manylinux_2_17_x86_64.manylinux2014_x86_64.whl", hash = "sha256:03dd0c51f6ca706be5c27715e9b4527aa82003c2705d3173943c5b4a2b7a47e8"},
    {file = "pyinstrument-4.7.3-cp39-cp39-musllinux_1_2_aarch64.whl", hash = "sha256:2b312442f01fbf2582cd7c929703608cb82874b73a0f3250cbeffc4abddae4f5"},
    {file = "pyinstrument-4.7.3-cp39-cp39-musllinux_1_2_i686.whl", hash = "sha256:e660d9a7f57909574010056dbc80869866623669455516ffc7421988286ddaf3"},
    {file = "pyinstrument-4.7.3-cp39-cp39-musllinux_1_2_x86_64.whl", hash = "sha256:886ccb349aefcbd5be1f33247b3a1af4ad5d34939338d99e94bae064886bf0d8"},
    {file = "pyinstrument-4.7.3-cp39-cp39-win32.whl", hash = "sha256:1ce2828cc29b17720f3c66345ea6f9ff54a3860d0488b59c985377ce2e6a710b"},
    {file = "pyinstrument-4.7.3-cp39-cp39-win_amd64.whl", hash = "sha256:e562e608f878540d19a514774e0f24fccaeac035674cf2b2afacdae9e0e19b29"},
    {file = "pyinstrument-4.7.3.tar.gz", hash = "sha256:3ad61041ff1880d4c99d3384cd267e38a0a6472b5a4dd765992db376bd4394c8"},
]

[package.extras]
bin = ["click", "nox"]
docs = ["furo (==2024.7.18)", "myst-parser (==3.0.1)", "sphinx (==7.4.7)", "sphinx-autobuild (==2024.4.16)", "sphinxcontrib-programoutput (==0.17)"]
examples = ["django", "litestar", "numpy"]
test = ["cffi (>=v1.17.0rc1)", "flaky", "greenlet (>=3.0.0a1)", "ipython", "pytest", "pytest-asyncio (==0.23.8)", "trio"]
types = ["typing-extensions"]

[[package]]
name = "pymysql"
version = "1.1.1"
description = "Pure Python MySQL Driver"
optional = false
python-versions = ">=3.7"
files = [
    {file = "PyMySQL-1.1.1-py3-none-any.whl", hash = "sha256:4de15da4c61dc132f4fb9ab763063e693d521a80fd0e87943b9a453dd4c19d6c"},
    {file = "pymysql-1.1.1.tar.gz", hash = "sha256:e127611aaf2b417403c60bf4dc570124aeb4a57f5f37b8e95ae399a42f904cd0"},
]

[package.extras]
ed25519 = ["PyNaCl (>=1.4.0)"]
rsa = ["cryptography"]

[[package]]
name = "pyright"
version = "1.1.380"
description = "Command line wrapper for pyright"
optional = false
python-versions = ">=3.7"
files = [
    {file = "pyright-1.1.380-py3-none-any.whl", hash = "sha256:a6404392053d8848bacc7aebcbd9d318bb46baf1a1a000359305481920f43879"},
    {file = "pyright-1.1.380.tar.gz", hash = "sha256:e6ceb1a5f7e9f03106e0aa1d6fbb4d97735a5e7ffb59f3de6b2db590baf935b2"},
]

[package.dependencies]
nodeenv = ">=1.6.0"

[package.extras]
all = ["twine (>=3.4.1)"]
dev = ["twine (>=3.4.1)"]

[[package]]
name = "pytest"
version = "8.3.3"
description = "pytest: simple powerful testing with Python"
optional = false
python-versions = ">=3.8"
files = [
    {file = "pytest-8.3.3-py3-none-any.whl", hash = "sha256:a6853c7375b2663155079443d2e45de913a911a11d669df02a50814944db57b2"},
    {file = "pytest-8.3.3.tar.gz", hash = "sha256:70b98107bd648308a7952b06e6ca9a50bc660be218d53c257cc1fc94fda10181"},
]

[package.dependencies]
colorama = {version = "*", markers = "sys_platform == \"win32\""}
iniconfig = "*"
packaging = "*"
pluggy = ">=1.5,<2"

[package.extras]
dev = ["argcomplete", "attrs (>=19.2)", "hypothesis (>=3.56)", "mock", "pygments (>=2.7.2)", "requests", "setuptools", "xmlschema"]

[[package]]
name = "win32-setctime"
version = "1.1.0"
description = "A small Python utility to set file creation time on Windows"
optional = false
python-versions = ">=3.5"
files = [
    {file = "win32_setctime-1.1.0-py3-none-any.whl", hash = "sha256:231db239e959c2fe7eb1d7dc129f11172354f98361c4fa2d6d2d7e278baa8aad"},
    {file = "win32_setctime-1.1.0.tar.gz", hash = "sha256:15cf5750465118d6929ae4de4eb46e8edae9a5634350c01ba582df868e932cb2"},
]

[package.extras]
dev = ["black (>=19.3b0)", "pytest (>=4.6.2)"]

[metadata]
lock-version = "2.0"
python-versions = "^3.11"
content-hash = "6160f302fa5880449ae5c8de648a3fd2d55b6a42d67c313b69fac8254f4be898"
